
Microsoft Visual Studio Solution File, Format Version 12.00
# Visual Studio Version 17
VisualStudioVersion = 17.6.33712.159
MinimumVisualStudioVersion = 10.0.40219.1
Project("{FAE04EC0-301F-11D3-BF4B-00C04F79EFBC}") = "ObaGWebroup", "ObaGroup.Web\ObaGWebroup.csproj", "{BBEB7869-03C5-485F-8FB6-885A82CD5C5C}"
EndProject
Project("{FAE04EC0-301F-11D3-BF4B-00C04F79EFBC}") = "ObaGoupDataAccess", "ObaGroup.DataAccess\ObaGoupDataAccess.csproj", "{21D47E2C-7BE3-47A8-9CCC-567C1692CECC}"
EndProject
Project("{FAE04EC0-301F-11D3-BF4B-00C04F79EFBC}") = "ObaGroupModel", "ObaGroup.Model\ObaGroupModel.csproj", "{15B41C0A-2D6A-4A1D-9D23-C44EEB1A1CD9}"
EndProject
Project("{FAE04EC0-301F-11D3-BF4B-00C04F79EFBC}") = "ObaGroupUtility", "ObaGroup.Utility\ObaGroupUtility.csproj", "{87DA9A53-0771-4CC9-895A-9CD41C9F37C3}"
EndProject
Global
	GlobalSection(SolutionConfigurationPlatforms) = preSolution
		Debug|Any CPU = Debug|Any CPU
		Release|Any CPU = Release|Any CPU
	EndGlobalSection
	GlobalSection(ProjectConfigurationPlatforms) = postSolution
		{BBEB7869-03C5-485F-8FB6-885A82CD5C5C}.Debug|Any CPU.ActiveCfg = Debug|Any CPU
		{BBEB7869-03C5-485F-8FB6-885A82CD5C5C}.Debug|Any CPU.Build.0 = Debug|Any CPU
		{BBEB7869-03C5-485F-8FB6-885A82CD5C5C}.Release|Any CPU.ActiveCfg = Release|Any CPU
		{BBEB7869-03C5-485F-8FB6-885A82CD5C5C}.Release|Any CPU.Build.0 = Release|Any CPU
		{21D47E2C-7BE3-47A8-9CCC-567C1692CECC}.Debug|Any CPU.ActiveCfg = Debug|Any CPU
		{21D47E2C-7BE3-47A8-9CCC-567C1692CECC}.Debug|Any CPU.Build.0 = Debug|Any CPU
		{21D47E2C-7BE3-47A8-9CCC-567C1692CECC}.Release|Any CPU.ActiveCfg = Release|Any CPU
		{21D47E2C-7BE3-47A8-9CCC-567C1692CECC}.Release|Any CPU.Build.0 = Release|Any CPU
		{15B41C0A-2D6A-4A1D-9D23-C44EEB1A1CD9}.Debug|Any CPU.ActiveCfg = Debug|Any CPU
		{15B41C0A-2D6A-4A1D-9D23-C44EEB1A1CD9}.Debug|Any CPU.Build.0 = Debug|Any CPU
		{15B41C0A-2D6A-4A1D-9D23-C44EEB1A1CD9}.Release|Any CPU.ActiveCfg = Release|Any CPU
		{15B41C0A-2D6A-4A1D-9D23-C44EEB1A1CD9}.Release|Any CPU.Build.0 = Release|Any CPU
		{87DA9A53-0771-4CC9-895A-9CD41C9F37C3}.Debug|Any CPU.ActiveCfg = Debug|Any CPU
		{87DA9A53-0771-4CC9-895A-9CD41C9F37C3}.Debug|Any CPU.Build.0 = Debug|Any CPU
		{87DA9A53-0771-4CC9-895A-9CD41C9F37C3}.Release|Any CPU.ActiveCfg = Release|Any CPU
		{87DA9A53-0771-4CC9-895A-9CD41C9F37C3}.Release|Any CPU.Build.0 = Release|Any CPU
	EndGlobalSection
	GlobalSection(SolutionProperties) = preSolution
		HideSolutionNode = FALSE
	EndGlobalSection
	GlobalSection(ExtensibilityGlobals) = postSolution
		SolutionGuid = {3F38DAA9-BE78-4E53-8B8A-82AD38BA0DEC}
	EndGlobalSection
EndGlobal
